
Microsoft Visual Studio Solution File, Format Version 12.00
# Visual Studio Version 17
VisualStudioVersion = 17.6.33815.320
MinimumVisualStudioVersion = 10.0.40219.1
Project("{FAE04EC0-301F-11D3-BF4B-00C04F79EFBC}") = "WMS_WebApp", "WMS_WebApp\WMS_WebApp.csproj", "{00CF2468-6B0C-4FF7-96F9-1422C78CCC13}"
EndProject
Global
	GlobalSection(SolutionConfigurationPlatforms) = preSolution
		Debug|Any CPU = Debug|Any CPU
		Release|Any CPU = Release|Any CPU
	EndGlobalSection
	GlobalSection(ProjectConfigurationPlatforms) = postSolution
		{00CF2468-6B0C-4FF7-96F9-1422C78CCC13}.Debug|Any CPU.ActiveCfg = Debug|Any CPU
		{00CF2468-6B0C-4FF7-96F9-1422C78CCC13}.Debug|Any CPU.Build.0 = Debug|Any CPU
		{00CF2468-6B0C-4FF7-96F9-1422C78CCC13}.Release|Any CPU.ActiveCfg = Release|Any CPU
		{00CF2468-6B0C-4FF7-96F9-1422C78CCC13}.Release|Any CPU.Build.0 = Release|Any CPU
	EndGlobalSection
	GlobalSection(SolutionProperties) = preSolution
		HideSolutionNode = FALSE
	EndGlobalSection
	GlobalSection(ExtensibilityGlobals) = postSolution
		SolutionGuid = {C2B4F9EE-061D-4CFA-BBB7-44877E0E608E}
	EndGlobalSection
EndGlobal
