
Microsoft Visual Studio Solution File, Format Version 12.00
# Visual Studio Version 17
VisualStudioVersion = 17.6.33815.320
MinimumVisualStudioVersion = 10.0.40219.1
Project("{FAE04EC0-301F-11D3-BF4B-00C04F79EFBC}") = "WMS_Web_API", "WMS_Web_API\WMS_Web_API.csproj", "{0B254A08-F929-43A3-8C09-A4C5DEC7BBA3}"
EndProject
Global
	GlobalSection(SolutionConfigurationPlatforms) = preSolution
		Debug|Any CPU = Debug|Any CPU
		Release|Any CPU = Release|Any CPU
	EndGlobalSection
	GlobalSection(ProjectConfigurationPlatforms) = postSolution
		{0B254A08-F929-43A3-8C09-A4C5DEC7BBA3}.Debug|Any CPU.ActiveCfg = Debug|Any CPU
		{0B254A08-F929-43A3-8C09-A4C5DEC7BBA3}.Debug|Any CPU.Build.0 = Debug|Any CPU
		{0B254A08-F929-43A3-8C09-A4C5DEC7BBA3}.Release|Any CPU.ActiveCfg = Release|Any CPU
		{0B254A08-F929-43A3-8C09-A4C5DEC7BBA3}.Release|Any CPU.Build.0 = Release|Any CPU
	EndGlobalSection
	GlobalSection(SolutionProperties) = preSolution
		HideSolutionNode = FALSE
	EndGlobalSection
	GlobalSection(ExtensibilityGlobals) = postSolution
		SolutionGuid = {E470602F-5314-4641-9CF7-BD162A18B1AA}
	EndGlobalSection
EndGlobal
